
Microsoft Visual Studio Solution File, Format Version 12.00
# Visual Studio Version 17
VisualStudioVersion = 17.9.34728.123
MinimumVisualStudioVersion = 10.0.40219.1
Project("{FAE04EC0-301F-11D3-BF4B-00C04F79EFBC}") = "Others", "Others\Others.csproj", "{9FDE3DF2-7BC7-4210-BECF-D88ACF9980F7}"
EndProject
Global
	GlobalSection(SolutionConfigurationPlatforms) = preSolution
		Debug|Any CPU = Debug|Any CPU
		Release|Any CPU = Release|Any CPU
	EndGlobalSection
	GlobalSection(ProjectConfigurationPlatforms) = postSolution
		{9FDE3DF2-7BC7-4210-BECF-D88ACF9980F7}.Debug|Any CPU.ActiveCfg = Debug|Any CPU
		{9FDE3DF2-7BC7-4210-BECF-D88ACF9980F7}.Debug|Any CPU.Build.0 = Debug|Any CPU
		{9FDE3DF2-7BC7-4210-BECF-D88ACF9980F7}.Release|Any CPU.ActiveCfg = Release|Any CPU
		{9FDE3DF2-7BC7-4210-BECF-D88ACF9980F7}.Release|Any CPU.Build.0 = Release|Any CPU
	EndGlobalSection
	GlobalSection(SolutionProperties) = preSolution
		HideSolutionNode = FALSE
	EndGlobalSection
	GlobalSection(ExtensibilityGlobals) = postSolution
		SolutionGuid = {65F355EC-C4D8-41C3-A04D-77208F54745E}
	EndGlobalSection
EndGlobal
